
Microsoft Visual Studio Solution File, Format Version 12.00
Project("{2150E333-8FDC-42A3-9474-1A3956D46DE8}") = "src", "src", "{DD31A7D2-C773-4D1C-A9B1-85BFD1DD7F6F}"
EndProject
Project("{FAE04EC0-301F-11D3-BF4B-00C04F79EFBC}") = "VertexFlow.WebAPI", "src\VertexFlow.WebAPI\VertexFlow.WebAPI.csproj", "{D587A043-4F58-4EC1-A380-4E05E448307D}"
EndProject
Project("{FAE04EC0-301F-11D3-BF4B-00C04F79EFBC}") = "VertexFlow.Core", "src\VertexFlow.Core\VertexFlow.Core.csproj", "{B322D5E3-CDC3-4AC0-848C-0C75F5222886}"
EndProject
Project("{FAE04EC0-301F-11D3-BF4B-00C04F79EFBC}") = "VertexFlow.SDK", "src\VertexFlow.SDK\VertexFlow.SDK.csproj", "{7F5311BE-C329-4E0C-B50E-630FD0944328}"
EndProject
Project("{FAE04EC0-301F-11D3-BF4B-00C04F79EFBC}") = "VertexFlow.RevitAddin", "src\VertexFlow.RevitAddin\VertexFlow.RevitAddin.csproj", "{BCE6073B-BF41-4928-BEDB-AA7935A7ECB6}"
EndProject
Project("{FAE04EC0-301F-11D3-BF4B-00C04F79EFBC}") = "VertexFlow.WebApplication", "src\VertexFlow.WebApplication\VertexFlow.WebApplication.csproj", "{F40A3815-F2CF-40F8-8067-4E632A1F3204}"
EndProject
Project("{FAE04EC0-301F-11D3-BF4B-00C04F79EFBC}") = "VertexFlow.WebInfrastructure", "src\VertexFlow.WebInfrastructure\VertexFlow.WebInfrastructure.csproj", "{C7197484-A16B-4768-94EE-09C060AB8399}"
EndProject
Project("{FAE04EC0-301F-11D3-BF4B-00C04F79EFBC}") = "VertexFlow.Contracts", "src\VertexFlow.Contracts\VertexFlow.Contracts.csproj", "{FF7E89C2-6F37-4CE8-ABC4-DF1E874A0484}"
EndProject
Project("{2150E333-8FDC-42A3-9474-1A3956D46DE8}") = "samples", "samples", "{727E32D7-D90E-4285-BBAC-B391B2AD5A8E}"
EndProject
Project("{FAE04EC0-301F-11D3-BF4B-00C04F79EFBC}") = "VertexFlow.SDK.Sample", "samples\VertexFlow.SDK.Sample\VertexFlow.SDK.Sample.csproj", "{7C284764-3D2E-4104-83B6-88ABBD406201}"
EndProject
Project("{FAE04EC0-301F-11D3-BF4B-00C04F79EFBC}") = "VertexFlow.SDK.Listeners", "src\VertexFlow.SDK.Listeners\VertexFlow.SDK.Listeners.csproj", "{1B158941-CDDF-44CC-BF40-DB486C28B42C}"
EndProject
Project("{FAE04EC0-301F-11D3-BF4B-00C04F79EFBC}") = "VertexFlow.SDK.Extensions", "src\VertexFlow.SDK.Extensions\VertexFlow.SDK.Extensions.csproj", "{412AB226-FFA8-48E4-998E-80C5B4C27FE0}"
EndProject
Global
	GlobalSection(SolutionConfigurationPlatforms) = preSolution
		Debug|Any CPU = Debug|Any CPU
		Release|Any CPU = Release|Any CPU
	EndGlobalSection
	GlobalSection(NestedProjects) = preSolution
		{D587A043-4F58-4EC1-A380-4E05E448307D} = {DD31A7D2-C773-4D1C-A9B1-85BFD1DD7F6F}
		{B322D5E3-CDC3-4AC0-848C-0C75F5222886} = {DD31A7D2-C773-4D1C-A9B1-85BFD1DD7F6F}
		{7F5311BE-C329-4E0C-B50E-630FD0944328} = {DD31A7D2-C773-4D1C-A9B1-85BFD1DD7F6F}
		{BCE6073B-BF41-4928-BEDB-AA7935A7ECB6} = {DD31A7D2-C773-4D1C-A9B1-85BFD1DD7F6F}
		{F40A3815-F2CF-40F8-8067-4E632A1F3204} = {DD31A7D2-C773-4D1C-A9B1-85BFD1DD7F6F}
		{C7197484-A16B-4768-94EE-09C060AB8399} = {DD31A7D2-C773-4D1C-A9B1-85BFD1DD7F6F}
		{FF7E89C2-6F37-4CE8-ABC4-DF1E874A0484} = {DD31A7D2-C773-4D1C-A9B1-85BFD1DD7F6F}
		{7C284764-3D2E-4104-83B6-88ABBD406201} = {727E32D7-D90E-4285-BBAC-B391B2AD5A8E}
		{1B158941-CDDF-44CC-BF40-DB486C28B42C} = {DD31A7D2-C773-4D1C-A9B1-85BFD1DD7F6F}
		{412AB226-FFA8-48E4-998E-80C5B4C27FE0} = {DD31A7D2-C773-4D1C-A9B1-85BFD1DD7F6F}
	EndGlobalSection
	GlobalSection(ProjectConfigurationPlatforms) = postSolution
		{D587A043-4F58-4EC1-A380-4E05E448307D}.Debug|Any CPU.ActiveCfg = Debug|Any CPU
		{D587A043-4F58-4EC1-A380-4E05E448307D}.Debug|Any CPU.Build.0 = Debug|Any CPU
		{D587A043-4F58-4EC1-A380-4E05E448307D}.Release|Any CPU.ActiveCfg = Release|Any CPU
		{D587A043-4F58-4EC1-A380-4E05E448307D}.Release|Any CPU.Build.0 = Release|Any CPU
		{B322D5E3-CDC3-4AC0-848C-0C75F5222886}.Debug|Any CPU.ActiveCfg = Debug|Any CPU
		{B322D5E3-CDC3-4AC0-848C-0C75F5222886}.Debug|Any CPU.Build.0 = Debug|Any CPU
		{B322D5E3-CDC3-4AC0-848C-0C75F5222886}.Release|Any CPU.ActiveCfg = Release|Any CPU
		{B322D5E3-CDC3-4AC0-848C-0C75F5222886}.Release|Any CPU.Build.0 = Release|Any CPU
		{7F5311BE-C329-4E0C-B50E-630FD0944328}.Debug|Any CPU.ActiveCfg = Debug|Any CPU
		{7F5311BE-C329-4E0C-B50E-630FD0944328}.Debug|Any CPU.Build.0 = Debug|Any CPU
		{7F5311BE-C329-4E0C-B50E-630FD0944328}.Release|Any CPU.ActiveCfg = Release|Any CPU
		{7F5311BE-C329-4E0C-B50E-630FD0944328}.Release|Any CPU.Build.0 = Release|Any CPU
		{BCE6073B-BF41-4928-BEDB-AA7935A7ECB6}.Debug|Any CPU.ActiveCfg = Debug|Any CPU
		{BCE6073B-BF41-4928-BEDB-AA7935A7ECB6}.Debug|Any CPU.Build.0 = Debug|Any CPU
		{BCE6073B-BF41-4928-BEDB-AA7935A7ECB6}.Release|Any CPU.ActiveCfg = Release|Any CPU
		{BCE6073B-BF41-4928-BEDB-AA7935A7ECB6}.Release|Any CPU.Build.0 = Release|Any CPU
		{F40A3815-F2CF-40F8-8067-4E632A1F3204}.Debug|Any CPU.ActiveCfg = Debug|Any CPU
		{F40A3815-F2CF-40F8-8067-4E632A1F3204}.Debug|Any CPU.Build.0 = Debug|Any CPU
		{F40A3815-F2CF-40F8-8067-4E632A1F3204}.Release|Any CPU.ActiveCfg = Release|Any CPU
		{F40A3815-F2CF-40F8-8067-4E632A1F3204}.Release|Any CPU.Build.0 = Release|Any CPU
		{C7197484-A16B-4768-94EE-09C060AB8399}.Debug|Any CPU.ActiveCfg = Debug|Any CPU
		{C7197484-A16B-4768-94EE-09C060AB8399}.Debug|Any CPU.Build.0 = Debug|Any CPU
		{C7197484-A16B-4768-94EE-09C060AB8399}.Release|Any CPU.ActiveCfg = Release|Any CPU
		{C7197484-A16B-4768-94EE-09C060AB8399}.Release|Any CPU.Build.0 = Release|Any CPU
		{FF7E89C2-6F37-4CE8-ABC4-DF1E874A0484}.Debug|Any CPU.ActiveCfg = Debug|Any CPU
		{FF7E89C2-6F37-4CE8-ABC4-DF1E874A0484}.Debug|Any CPU.Build.0 = Debug|Any CPU
		{FF7E89C2-6F37-4CE8-ABC4-DF1E874A0484}.Release|Any CPU.ActiveCfg = Release|Any CPU
		{FF7E89C2-6F37-4CE8-ABC4-DF1E874A0484}.Release|Any CPU.Build.0 = Release|Any CPU
		{7C284764-3D2E-4104-83B6-88ABBD406201}.Debug|Any CPU.ActiveCfg = Debug|Any CPU
		{7C284764-3D2E-4104-83B6-88ABBD406201}.Debug|Any CPU.Build.0 = Debug|Any CPU
		{7C284764-3D2E-4104-83B6-88ABBD406201}.Release|Any CPU.ActiveCfg = Release|Any CPU
		{7C284764-3D2E-4104-83B6-88ABBD406201}.Release|Any CPU.Build.0 = Release|Any CPU
		{1B158941-CDDF-44CC-BF40-DB486C28B42C}.Debug|Any CPU.ActiveCfg = Debug|Any CPU
		{1B158941-CDDF-44CC-BF40-DB486C28B42C}.Debug|Any CPU.Build.0 = Debug|Any CPU
		{1B158941-CDDF-44CC-BF40-DB486C28B42C}.Release|Any CPU.ActiveCfg = Release|Any CPU
		{1B158941-CDDF-44CC-BF40-DB486C28B42C}.Release|Any CPU.Build.0 = Release|Any CPU
		{412AB226-FFA8-48E4-998E-80C5B4C27FE0}.Debug|Any CPU.ActiveCfg = Debug|Any CPU
		{412AB226-FFA8-48E4-998E-80C5B4C27FE0}.Debug|Any CPU.Build.0 = Debug|Any CPU
		{412AB226-FFA8-48E4-998E-80C5B4C27FE0}.Release|Any CPU.ActiveCfg = Release|Any CPU
		{412AB226-FFA8-48E4-998E-80C5B4C27FE0}.Release|Any CPU.Build.0 = Release|Any CPU
	EndGlobalSection
EndGlobal
